
Microsoft Visual Studio Solution File, Format Version 12.00
# Visual Studio Version 17
VisualStudioVersion = 17.4.33213.308
MinimumVisualStudioVersion = 10.0.40219.1
Project("{FAE04EC0-301F-11D3-BF4B-00C04F79EFBC}") = "BarChart", "BarChart\BarChart.csproj", "{957C2D76-F304-4292-B59E-8EB7CE11AB56}"
EndProject
Global
	GlobalSection(SolutionConfigurationPlatforms) = preSolution
		Debug|Any CPU = Debug|Any CPU
		Release|Any CPU = Release|Any CPU
	EndGlobalSection
	GlobalSection(ProjectConfigurationPlatforms) = postSolution
		{957C2D76-F304-4292-B59E-8EB7CE11AB56}.Debug|Any CPU.ActiveCfg = Debug|Any CPU
		{957C2D76-F304-4292-B59E-8EB7CE11AB56}.Debug|Any CPU.Build.0 = Debug|Any CPU
		{957C2D76-F304-4292-B59E-8EB7CE11AB56}.Release|Any CPU.ActiveCfg = Release|Any CPU
		{957C2D76-F304-4292-B59E-8EB7CE11AB56}.Release|Any CPU.Build.0 = Release|Any CPU
	EndGlobalSection
	GlobalSection(SolutionProperties) = preSolution
		HideSolutionNode = FALSE
	EndGlobalSection
	GlobalSection(ExtensibilityGlobals) = postSolution
		SolutionGuid = {044BECAF-2AF3-45BB-8F87-3811BAD7C60E}
	EndGlobalSection
EndGlobal
